
Microsoft Visual Studio Solution File, Format Version 12.00
# Visual Studio Version 17
VisualStudioVersion = 17.4.33103.184
MinimumVisualStudioVersion = 10.0.40219.1
Project("{FAE04EC0-301F-11D3-BF4B-00C04F79EFBC}") = "ekbToDraw", "ekbToDraw\ekbToDraw.csproj", "{D26E1EED-23E5-45D3-B1C6-899B9F4CB8F7}"
EndProject
Global
	GlobalSection(SolutionConfigurationPlatforms) = preSolution
		Debug|Any CPU = Debug|Any CPU
		Release|Any CPU = Release|Any CPU
	EndGlobalSection
	GlobalSection(ProjectConfigurationPlatforms) = postSolution
		{D26E1EED-23E5-45D3-B1C6-899B9F4CB8F7}.Debug|Any CPU.ActiveCfg = Debug|Any CPU
		{D26E1EED-23E5-45D3-B1C6-899B9F4CB8F7}.Debug|Any CPU.Build.0 = Debug|Any CPU
		{D26E1EED-23E5-45D3-B1C6-899B9F4CB8F7}.Release|Any CPU.ActiveCfg = Release|Any CPU
		{D26E1EED-23E5-45D3-B1C6-899B9F4CB8F7}.Release|Any CPU.Build.0 = Release|Any CPU
	EndGlobalSection
	GlobalSection(SolutionProperties) = preSolution
		HideSolutionNode = FALSE
	EndGlobalSection
	GlobalSection(ExtensibilityGlobals) = postSolution
		SolutionGuid = {B982A65A-C11A-4C89-B099-C9B8CCA77456}
	EndGlobalSection
EndGlobal
